
Microsoft Visual Studio Solution File, Format Version 12.00
# Visual Studio Version 17
VisualStudioVersion = 17.6.33815.320
MinimumVisualStudioVersion = 10.0.40219.1
Project("{FAE04EC0-301F-11D3-BF4B-00C04F79EFBC}") = "idleMiner", "idleMiner.csproj", "{7493D72A-52F1-4E3E-9BAF-94D0004624E5}"
EndProject
Global
	GlobalSection(SolutionConfigurationPlatforms) = preSolution
		Debug|Any CPU = Debug|Any CPU
		Release|Any CPU = Release|Any CPU
	EndGlobalSection
	GlobalSection(ProjectConfigurationPlatforms) = postSolution
		{7493D72A-52F1-4E3E-9BAF-94D0004624E5}.Debug|Any CPU.ActiveCfg = Debug|Any CPU
		{7493D72A-52F1-4E3E-9BAF-94D0004624E5}.Debug|Any CPU.Build.0 = Debug|Any CPU
		{7493D72A-52F1-4E3E-9BAF-94D0004624E5}.Release|Any CPU.ActiveCfg = Release|Any CPU
		{7493D72A-52F1-4E3E-9BAF-94D0004624E5}.Release|Any CPU.Build.0 = Release|Any CPU
	EndGlobalSection
	GlobalSection(SolutionProperties) = preSolution
		HideSolutionNode = FALSE
	EndGlobalSection
	GlobalSection(ExtensibilityGlobals) = postSolution
		SolutionGuid = {2D16DCC1-2F27-4B13-9D3A-0F30F4441F78}
	EndGlobalSection
EndGlobal
